
Microsoft Visual Studio Solution File, Format Version 12.00
# Visual Studio Version 17
VisualStudioVersion = 17.3.32825.248
MinimumVisualStudioVersion = 10.0.40219.1
Project("{9A19103F-16F7-4668-BE54-9A1E7A4F7556}") = "Atea", "Atea\Atea.csproj", "{6016B44B-2BFE-49E5-A05A-E5031400DD47}"
EndProject
Project("{9A19103F-16F7-4668-BE54-9A1E7A4F7556}") = "Atea.Tests", "Atea.Tests\Atea.Tests.csproj", "{3D1F6550-84B9-4410-88ED-00C7D25675BA}"
EndProject
Project("{9A19103F-16F7-4668-BE54-9A1E7A4F7556}") = "Atea.Azure", "AzureGetDataPerMinute\Atea.Azure.csproj", "{03EE6CA4-346E-4B81-8B64-CEFF71CF30FB}"
EndProject
Global
	GlobalSection(SolutionConfigurationPlatforms) = preSolution
		Debug|Any CPU = Debug|Any CPU
		Release|Any CPU = Release|Any CPU
	EndGlobalSection
	GlobalSection(ProjectConfigurationPlatforms) = postSolution
		{6016B44B-2BFE-49E5-A05A-E5031400DD47}.Debug|Any CPU.ActiveCfg = Debug|Any CPU
		{6016B44B-2BFE-49E5-A05A-E5031400DD47}.Debug|Any CPU.Build.0 = Debug|Any CPU
		{6016B44B-2BFE-49E5-A05A-E5031400DD47}.Release|Any CPU.ActiveCfg = Release|Any CPU
		{6016B44B-2BFE-49E5-A05A-E5031400DD47}.Release|Any CPU.Build.0 = Release|Any CPU
		{3D1F6550-84B9-4410-88ED-00C7D25675BA}.Debug|Any CPU.ActiveCfg = Debug|Any CPU
		{3D1F6550-84B9-4410-88ED-00C7D25675BA}.Debug|Any CPU.Build.0 = Debug|Any CPU
		{3D1F6550-84B9-4410-88ED-00C7D25675BA}.Release|Any CPU.ActiveCfg = Release|Any CPU
		{3D1F6550-84B9-4410-88ED-00C7D25675BA}.Release|Any CPU.Build.0 = Release|Any CPU
		{03EE6CA4-346E-4B81-8B64-CEFF71CF30FB}.Debug|Any CPU.ActiveCfg = Debug|Any CPU
		{03EE6CA4-346E-4B81-8B64-CEFF71CF30FB}.Debug|Any CPU.Build.0 = Debug|Any CPU
		{03EE6CA4-346E-4B81-8B64-CEFF71CF30FB}.Release|Any CPU.ActiveCfg = Release|Any CPU
		{03EE6CA4-346E-4B81-8B64-CEFF71CF30FB}.Release|Any CPU.Build.0 = Release|Any CPU
	EndGlobalSection
	GlobalSection(SolutionProperties) = preSolution
		HideSolutionNode = FALSE
	EndGlobalSection
	GlobalSection(ExtensibilityGlobals) = postSolution
		SolutionGuid = {E27C3B72-0FCE-4B1D-8163-EBE830A1E532}
	EndGlobalSection
EndGlobal
